{
  "name": "browser-console",
  "version": "1.3.0",
  "lockfileVersion": 3,
  "requires": true,
  "packages": {
    "": {
      "name": "browser-console",
      "version": "1.3.0",
      "dependencies": {
        "@homebridge/node-pty-prebuilt-multiarch": "^0.14.1",
        "ws": "^8.18.0"
      },
      "devDependencies": {
        "@types/node": "^20.11.0",
        "@types/ws": "^8.5.10",
        "esbuild": "^0.25.0",
        "tsx": "^4.19.0",
        "typescript": "^5.4.0"
      },
      "engines": {
        "node": ">=20"
      }
    }
  }
}
